<?xml version="1.0" encoding="utf-8"?>
<Project ToolsVersion="4.0" xmlns="http://schemas.microsoft.com/developer/msbuild/2003">
  <ItemGroup>
    <Filter Include="Xml">
      <UniqueIdentifier>{d8fc85b0-a386-48fb-8c10-5c8e8ec388da}</UniqueIdentifier>
    </Filter>
    <Filter Include="Action">
      <UniqueIdentifier>{e57db779-1657-4709-9be5-e8f8d52e26f4}</UniqueIdentifier>
    </Filter>
    <Filter Include="Control">
      <UniqueIdentifier>{c2c085f4-b4fb-4d36-ba12-68153cd687cd}</UniqueIdentifier>
    </Filter>
    <Filter Include="Core">
      <UniqueIdentifier>{dcdacc15-798c-4bea-a873-99c6c2dcc21d}</UniqueIdentifier>
    </Filter>
    <Filter Include="Engine">
      <UniqueIdentifier>{4148891a-8bf4-42f6-b57d-030af5b76837}</UniqueIdentifier>
    </Filter>
    <Filter Include="Layout">
      <UniqueIdentifier>{41b42be3-3aec-44b6-a8ef-791916e4e317}</UniqueIdentifier>
    </Filter>
    <Filter Include="Object">
      <UniqueIdentifier>{5cd5a32a-ac0a-44b6-9f76-028d351bc160}</UniqueIdentifier>
    </Filter>
    <Filter Include="Utils">
      <UniqueIdentifier>{d74d3eb5-84b4-4f89-8519-be8dc8a7b8d7}</UniqueIdentifier>
    </Filter>
    <Filter Include="Dll">
      <UniqueIdentifier>{c0757e60-ab51-4f06-8217-293ebbe56137}</UniqueIdentifier>
    </Filter>
  </ItemGroup>
  <ItemGroup>
    <ClCompile Include="Xml\pugixml.cpp">
      <Filter>Xml</Filter>
    </ClCompile>
    <ClCompile Include="Control\UIActiveX.cpp">
      <Filter>Control</Filter>
    </ClCompile>
    <ClCompile Include="Control\UIAnimationControl.cpp">
      <Filter>Control</Filter>
    </ClCompile>
    <ClCompile Include="Control\UIButton.cpp">
      <Filter>Control</Filter>
    </ClCompile>
    <ClCompile Include="Control\UICheckBox.cpp">
      <Filter>Control</Filter>
    </ClCompile>
    <ClCompile Include="Control\UICombo.cpp">
      <Filter>Control</Filter>
    </ClCompile>
    <ClCompile Include="Control\UIDateTime.cpp">
      <Filter>Control</Filter>
    </ClCompile>
    <ClCompile Include="Control\UIEdit.cpp">
      <Filter>Control</Filter>
    </ClCompile>
    <ClCompile Include="Control\UIFlash.cpp">
      <Filter>Control</Filter>
    </ClCompile>
    <ClCompile Include="Control\UIGifControl.cpp">
      <Filter>Control</Filter>
    </ClCompile>
    <ClCompile Include="Control\UILabel.cpp">
      <Filter>Control</Filter>
    </ClCompile>
    <ClCompile Include="Control\UIList.cpp">
      <Filter>Control</Filter>
    </ClCompile>
    <ClCompile Include="Control\UIOption.cpp">
      <Filter>Control</Filter>
    </ClCompile>
    <ClCompile Include="Control\UIProgress.cpp">
      <Filter>Control</Filter>
    </ClCompile>
    <ClCompile Include="Control\UIRichEdit.cpp">
      <Filter>Control</Filter>
    </ClCompile>
    <ClCompile Include="Control\UIScrollBar.cpp">
      <Filter>Control</Filter>
    </ClCompile>
    <ClCompile Include="Control\UISlider.cpp">
      <Filter>Control</Filter>
    </ClCompile>
    <ClCompile Include="Control\UIText.cpp">
      <Filter>Control</Filter>
    </ClCompile>
    <ClCompile Include="Control\UITreeView.cpp">
      <Filter>Control</Filter>
    </ClCompile>
    <ClCompile Include="Control\UIWebBrowser.cpp">
      <Filter>Control</Filter>
    </ClCompile>
    <ClCompile Include="Core\ObjectUI.cpp">
      <Filter>Core</Filter>
    </ClCompile>
    <ClCompile Include="Core\UIContainer.cpp">
      <Filter>Core</Filter>
    </ClCompile>
    <ClCompile Include="Core\UIControl.cpp">
      <Filter>Core</Filter>
    </ClCompile>
    <ClCompile Include="Core\UIRender.cpp">
      <Filter>Core</Filter>
    </ClCompile>
    <ClCompile Include="Core\WindowUI.cpp">
      <Filter>Core</Filter>
    </ClCompile>
    <ClCompile Include="Core\WindowWnd.cpp">
      <Filter>Core</Filter>
    </ClCompile>
    <ClCompile Include="Engine\ResEngine.cpp">
      <Filter>Engine</Filter>
    </ClCompile>
    <ClCompile Include="Engine\UIEngine.cpp">
      <Filter>Engine</Filter>
    </ClCompile>
    <ClCompile Include="Object\FontObject.cpp">
      <Filter>Object</Filter>
    </ClCompile>
    <ClCompile Include="Object\ImageObject.cpp">
      <Filter>Object</Filter>
    </ClCompile>
    <ClCompile Include="Object\TemplateObject.cpp">
      <Filter>Object</Filter>
    </ClCompile>
    <ClCompile Include="Layout\UIChildLayout.cpp">
      <Filter>Layout</Filter>
    </ClCompile>
    <ClCompile Include="Layout\UICompositeLayout.cpp">
      <Filter>Layout</Filter>
    </ClCompile>
    <ClCompile Include="Layout\UIHorizontalLayout.cpp">
      <Filter>Layout</Filter>
    </ClCompile>
    <ClCompile Include="Layout\UISliderTabLayout.cpp">
      <Filter>Layout</Filter>
    </ClCompile>
    <ClCompile Include="Layout\UITabLayout.cpp">
      <Filter>Layout</Filter>
    </ClCompile>
    <ClCompile Include="Layout\UITileLayout.cpp">
      <Filter>Layout</Filter>
    </ClCompile>
    <ClCompile Include="Layout\UIVerticalLayout.cpp">
      <Filter>Layout</Filter>
    </ClCompile>
    <ClCompile Include="Utils\ShadowWindow.cpp">
      <Filter>Utils</Filter>
    </ClCompile>
    <ClCompile Include="Utils\stb_image.c">
      <Filter>Utils</Filter>
    </ClCompile>
    <ClCompile Include="Utils\UIDelegate.cpp">
      <Filter>Utils</Filter>
    </ClCompile>
    <ClCompile Include="Utils\Utils.cpp">
      <Filter>Utils</Filter>
    </ClCompile>
    <ClCompile Include="Utils\XUnzip.cpp">
      <Filter>Utils</Filter>
    </ClCompile>
    <ClCompile Include="Control\UIIPAddress.cpp">
      <Filter>Control</Filter>
    </ClCompile>
    <ClCompile Include="StdAfx.cpp">
      <Filter>Dll</Filter>
    </ClCompile>
    <ClCompile Include="UIlib.cpp">
      <Filter>Dll</Filter>
    </ClCompile>
    <ClCompile Include="Action\ActionManager.cpp">
      <Filter>Action</Filter>
    </ClCompile>
    <ClCompile Include="Action\Action.cpp">
      <Filter>Action</Filter>
    </ClCompile>
    <ClCompile Include="Action\Animation.cpp">
      <Filter>Action</Filter>
    </ClCompile>
    <ClCompile Include="Action\ActionInterval.cpp">
      <Filter>Action</Filter>
    </ClCompile>
    <ClCompile Include="Object\CurveObject.cpp">
      <Filter>Object</Filter>
    </ClCompile>
    <ClCompile Include="Action\WindowAnimation.cpp">
      <Filter>Action</Filter>
    </ClCompile>
  </ItemGroup>
  <ItemGroup>
    <ClInclude Include="Utils\downloadmgr.h">
      <Filter>Utils</Filter>
    </ClInclude>
    <ClInclude Include="Utils\FlashEventHandler.h">
      <Filter>Utils</Filter>
    </ClInclude>
    <ClInclude Include="Utils\UIDelegate.h">
      <Filter>Utils</Filter>
    </ClInclude>
    <ClInclude Include="Utils\Utils.h">
      <Filter>Utils</Filter>
    </ClInclude>
    <ClInclude Include="Utils\WebBrowserEventHandler.h">
      <Filter>Utils</Filter>
    </ClInclude>
    <ClInclude Include="Core\UIContainer.h">
      <Filter>Core</Filter>
    </ClInclude>
    <ClInclude Include="Core\UIControl.h">
      <Filter>Core</Filter>
    </ClInclude>
    <ClInclude Include="Core\UIRender.h">
      <Filter>Core</Filter>
    </ClInclude>
    <ClInclude Include="Layout\UIChildLayout.h">
      <Filter>Layout</Filter>
    </ClInclude>
    <ClInclude Include="Layout\UIHorizontalLayout.h">
      <Filter>Layout</Filter>
    </ClInclude>
    <ClInclude Include="Layout\UITabLayout.h">
      <Filter>Layout</Filter>
    </ClInclude>
    <ClInclude Include="Layout\UITileLayout.h">
      <Filter>Layout</Filter>
    </ClInclude>
    <ClInclude Include="Layout\UIVerticalLayout.h">
      <Filter>Layout</Filter>
    </ClInclude>
    <ClInclude Include="Control\UIActiveX.h">
      <Filter>Control</Filter>
    </ClInclude>
    <ClInclude Include="Control\UIButton.h">
      <Filter>Control</Filter>
    </ClInclude>
    <ClInclude Include="Control\UICheckBox.h">
      <Filter>Control</Filter>
    </ClInclude>
    <ClInclude Include="Control\UICombo.h">
      <Filter>Control</Filter>
    </ClInclude>
    <ClInclude Include="Control\UIDateTime.h">
      <Filter>Control</Filter>
    </ClInclude>
    <ClInclude Include="Control\UIEdit.h">
      <Filter>Control</Filter>
    </ClInclude>
    <ClInclude Include="Control\UIFlash.h">
      <Filter>Control</Filter>
    </ClInclude>
    <ClInclude Include="Control\UIGifControl.h">
      <Filter>Control</Filter>
    </ClInclude>
    <ClInclude Include="Control\UILabel.h">
      <Filter>Control</Filter>
    </ClInclude>
    <ClInclude Include="Control\UIList.h">
      <Filter>Control</Filter>
    </ClInclude>
    <ClInclude Include="Control\UIOption.h">
      <Filter>Control</Filter>
    </ClInclude>
    <ClInclude Include="Control\UIProgress.h">
      <Filter>Control</Filter>
    </ClInclude>
    <ClInclude Include="Control\UIRichEdit.h">
      <Filter>Control</Filter>
    </ClInclude>
    <ClInclude Include="Control\UIScrollBar.h">
      <Filter>Control</Filter>
    </ClInclude>
    <ClInclude Include="Control\UISlider.h">
      <Filter>Control</Filter>
    </ClInclude>
    <ClInclude Include="Control\UIText.h">
      <Filter>Control</Filter>
    </ClInclude>
    <ClInclude Include="Control\UITreeView.h">
      <Filter>Control</Filter>
    </ClInclude>
    <ClInclude Include="Control\UIWebBrowser.h">
      <Filter>Control</Filter>
    </ClInclude>
    <ClInclude Include="Core\WindowUI.h">
      <Filter>Core</Filter>
    </ClInclude>
    <ClInclude Include="Core\WindowWnd.h">
      <Filter>Core</Filter>
    </ClInclude>
    <ClInclude Include="Core\ObjectUI.h">
      <Filter>Core</Filter>
    </ClInclude>
    <ClInclude Include="Layout\UICompositeLayout.h">
      <Filter>Layout</Filter>
    </ClInclude>
    <ClInclude Include="Utils\ShadowWindow.h">
      <Filter>Utils</Filter>
    </ClInclude>
    <ClInclude Include="Utils\stb_image.h">
      <Filter>Utils</Filter>
    </ClInclude>
    <ClInclude Include="Control\UIAnimationControl.h">
      <Filter>Control</Filter>
    </ClInclude>
    <ClInclude Include="Layout\UISliderTabLayout.h">
      <Filter>Layout</Filter>
    </ClInclude>
    <ClInclude Include="Engine\UIEngine.h">
      <Filter>Engine</Filter>
    </ClInclude>
    <ClInclude Include="Engine\ResEngine.h">
      <Filter>Engine</Filter>
    </ClInclude>
    <ClInclude Include="Object\FontObject.h">
      <Filter>Object</Filter>
    </ClInclude>
    <ClInclude Include="Object\ImageObject.h">
      <Filter>Object</Filter>
    </ClInclude>
    <ClInclude Include="Object\TemplateObject.h">
      <Filter>Object</Filter>
    </ClInclude>
    <ClInclude Include="Xml\pugixml.hpp">
      <Filter>Xml</Filter>
    </ClInclude>
    <ClInclude Include="Xml\pugiconfig.hpp">
      <Filter>Xml</Filter>
    </ClInclude>
    <ClInclude Include="UIDefine.h" />
    <ClInclude Include="UIlib.h" />
    <ClInclude Include="Control\UIIPAddress.h">
      <Filter>Control</Filter>
    </ClInclude>
    <ClInclude Include="StdAfx.h">
      <Filter>Dll</Filter>
    </ClInclude>
    <ClInclude Include="Engine\DUIApplication.hpp">
      <Filter>Utils</Filter>
    </ClInclude>
    <ClInclude Include="Utils\BufferPtr.h">
      <Filter>Utils</Filter>
    </ClInclude>
    <ClInclude Include="Action\ActionManager.h">
      <Filter>Action</Filter>
    </ClInclude>
    <ClInclude Include="Action\Action.h">
      <Filter>Action</Filter>
    </ClInclude>
    <ClInclude Include="Action\Animation.h">
      <Filter>Action</Filter>
    </ClInclude>
    <ClInclude Include="Action\ActionInterval.h">
      <Filter>Action</Filter>
    </ClInclude>
    <ClInclude Include="Object\CurveObject.h">
      <Filter>Object</Filter>
    </ClInclude>
    <ClInclude Include="Action\WindowAnimation.h">
      <Filter>Action</Filter>
    </ClInclude>
  </ItemGroup>
</Project>