
Microsoft Visual Studio Solution File, Format Version 12.00
# Visual Studio 2012
Project("{8BC9CEB8-8B4A-11D0-8D11-00A0C91BC942}") = "TinyXML", "..\Src\3rdParty\TinyXML\TinyXML.vcxproj", "{8627A1FD-CE37-4A7B-BD3F-230E33D10730}"
EndProject
Project("{8BC9CEB8-8B4A-11D0-8D11-00A0C91BC942}") = "SQLite", "..\Src\3rdParty\SQLite\SQLite.vcxproj", "{9611B8A9-BA17-4ACC-AB20-BE62627E158B}"
EndProject
Project("{8BC9CEB8-8B4A-11D0-8D11-00A0C91BC942}") = "Log4cplus", "..\Src\3rdParty\Log4cplus\Log4cplus.vcxproj", "{E9CAB433-A70F-472B-9662-32E85B84DBEA}"
EndProject
Project("{2150E333-8FDC-42A3-9474-1A3956D46DE8}") = "3rdParty", "3rdParty", "{81E531C0-2074-4F7E-A3C0-BCA206F42DFD}"
EndProject
Project("{8BC9CEB8-8B4A-11D0-8D11-00A0C91BC942}") = "jsoncpp", "..\Src\3rdParty\jsoncpp\jsoncpp.vcxproj", "{3F93D9EC-D522-45F2-BD1F-D524C1FCD444}"
EndProject
Project("{8BC9CEB8-8B4A-11D0-8D11-00A0C91BC942}") = "XZIP", "..\Src\3rdParty\XZip\XZIP.vcxproj", "{D2E9BC40-E6D0-4C1E-93B9-AF81759352C2}"
EndProject
Project("{8BC9CEB8-8B4A-11D0-8D11-00A0C91BC942}") = "DuiLib", "..\Src\3rdParty\DuiLib\DuiLib.vcxproj", "{E106ACD7-4E53-4AEE-942B-D0DD426DB34E}"
EndProject
Project("{2150E333-8FDC-42A3-9474-1A3956D46DE8}") = "Framework", "Framework", "{33C56111-321D-4AD2-A79F-C9B677D4647C}"
EndProject
Project("{2150E333-8FDC-42A3-9474-1A3956D46DE8}") = "App", "App", "{BA30FAB9-44DD-4939-AB34-F8BBC6E6169A}"
EndProject
Project("{8BC9CEB8-8B4A-11D0-8D11-00A0C91BC942}") = "DirectUI", "..\Src\Framework\DirectUI\DirectUI.vcxproj", "{1EBE48C9-5D37-41F5-BACA-30240557D625}"
EndProject
Project("{8BC9CEB8-8B4A-11D0-8D11-00A0C91BC942}") = "DirectUIDemo", "..\Src\App\DirectUIDemo\DirectUIDemo.vcxproj", "{E21BD22B-9BBE-439E-B352-36D6AFD2EC88}"
	ProjectSection(ProjectDependencies) = postProject
		{1EBE48C9-5D37-41F5-BACA-30240557D625} = {1EBE48C9-5D37-41F5-BACA-30240557D625}
	EndProjectSection
EndProject
Global
	GlobalSection(SolutionConfigurationPlatforms) = preSolution
		Debug|Win32 = Debug|Win32
		Debug|x64 = Debug|x64
		Release|Win32 = Release|Win32
		Release|x64 = Release|x64
	EndGlobalSection
	GlobalSection(ProjectConfigurationPlatforms) = postSolution
		{8627A1FD-CE37-4A7B-BD3F-230E33D10730}.Debug|Win32.ActiveCfg = Debug|Win32
		{8627A1FD-CE37-4A7B-BD3F-230E33D10730}.Debug|Win32.Build.0 = Debug|Win32
		{8627A1FD-CE37-4A7B-BD3F-230E33D10730}.Debug|x64.ActiveCfg = Debug|x64
		{8627A1FD-CE37-4A7B-BD3F-230E33D10730}.Debug|x64.Build.0 = Debug|x64
		{8627A1FD-CE37-4A7B-BD3F-230E33D10730}.Release|Win32.ActiveCfg = Release|Win32
		{8627A1FD-CE37-4A7B-BD3F-230E33D10730}.Release|Win32.Build.0 = Release|Win32
		{8627A1FD-CE37-4A7B-BD3F-230E33D10730}.Release|x64.ActiveCfg = Release|x64
		{8627A1FD-CE37-4A7B-BD3F-230E33D10730}.Release|x64.Build.0 = Release|x64
		{9611B8A9-BA17-4ACC-AB20-BE62627E158B}.Debug|Win32.ActiveCfg = Debug|Win32
		{9611B8A9-BA17-4ACC-AB20-BE62627E158B}.Debug|Win32.Build.0 = Debug|Win32
		{9611B8A9-BA17-4ACC-AB20-BE62627E158B}.Debug|x64.ActiveCfg = Debug|x64
		{9611B8A9-BA17-4ACC-AB20-BE62627E158B}.Debug|x64.Build.0 = Debug|x64
		{9611B8A9-BA17-4ACC-AB20-BE62627E158B}.Release|Win32.ActiveCfg = Release|Win32
		{9611B8A9-BA17-4ACC-AB20-BE62627E158B}.Release|Win32.Build.0 = Release|Win32
		{9611B8A9-BA17-4ACC-AB20-BE62627E158B}.Release|x64.ActiveCfg = Release|x64
		{9611B8A9-BA17-4ACC-AB20-BE62627E158B}.Release|x64.Build.0 = Release|x64
		{E9CAB433-A70F-472B-9662-32E85B84DBEA}.Debug|Win32.ActiveCfg = Debug|Win32
		{E9CAB433-A70F-472B-9662-32E85B84DBEA}.Debug|Win32.Build.0 = Debug|Win32
		{E9CAB433-A70F-472B-9662-32E85B84DBEA}.Debug|x64.ActiveCfg = Debug|Win32
		{E9CAB433-A70F-472B-9662-32E85B84DBEA}.Release|Win32.ActiveCfg = Release|Win32
		{E9CAB433-A70F-472B-9662-32E85B84DBEA}.Release|Win32.Build.0 = Release|Win32
		{E9CAB433-A70F-472B-9662-32E85B84DBEA}.Release|x64.ActiveCfg = Release|Win32
		{3F93D9EC-D522-45F2-BD1F-D524C1FCD444}.Debug|Win32.ActiveCfg = Debug|Win32
		{3F93D9EC-D522-45F2-BD1F-D524C1FCD444}.Debug|Win32.Build.0 = Debug|Win32
		{3F93D9EC-D522-45F2-BD1F-D524C1FCD444}.Debug|x64.ActiveCfg = Debug|x64
		{3F93D9EC-D522-45F2-BD1F-D524C1FCD444}.Debug|x64.Build.0 = Debug|x64
		{3F93D9EC-D522-45F2-BD1F-D524C1FCD444}.Release|Win32.ActiveCfg = Release|Win32
		{3F93D9EC-D522-45F2-BD1F-D524C1FCD444}.Release|Win32.Build.0 = Release|Win32
		{3F93D9EC-D522-45F2-BD1F-D524C1FCD444}.Release|x64.ActiveCfg = Release|x64
		{3F93D9EC-D522-45F2-BD1F-D524C1FCD444}.Release|x64.Build.0 = Release|x64
		{D2E9BC40-E6D0-4C1E-93B9-AF81759352C2}.Debug|Win32.ActiveCfg = Debug|Win32
		{D2E9BC40-E6D0-4C1E-93B9-AF81759352C2}.Debug|Win32.Build.0 = Debug|Win32
		{D2E9BC40-E6D0-4C1E-93B9-AF81759352C2}.Debug|x64.ActiveCfg = Debug|x64
		{D2E9BC40-E6D0-4C1E-93B9-AF81759352C2}.Debug|x64.Build.0 = Debug|x64
		{D2E9BC40-E6D0-4C1E-93B9-AF81759352C2}.Release|Win32.ActiveCfg = Release|Win32
		{D2E9BC40-E6D0-4C1E-93B9-AF81759352C2}.Release|Win32.Build.0 = Release|Win32
		{D2E9BC40-E6D0-4C1E-93B9-AF81759352C2}.Release|x64.ActiveCfg = Release|x64
		{D2E9BC40-E6D0-4C1E-93B9-AF81759352C2}.Release|x64.Build.0 = Release|x64
		{E106ACD7-4E53-4AEE-942B-D0DD426DB34E}.Debug|Win32.ActiveCfg = Debug|Win32
		{E106ACD7-4E53-4AEE-942B-D0DD426DB34E}.Debug|Win32.Build.0 = Debug|Win32
		{E106ACD7-4E53-4AEE-942B-D0DD426DB34E}.Debug|x64.ActiveCfg = Debug|x64
		{E106ACD7-4E53-4AEE-942B-D0DD426DB34E}.Debug|x64.Build.0 = Debug|x64
		{E106ACD7-4E53-4AEE-942B-D0DD426DB34E}.Release|Win32.ActiveCfg = Release|Win32
		{E106ACD7-4E53-4AEE-942B-D0DD426DB34E}.Release|Win32.Build.0 = Release|Win32
		{E106ACD7-4E53-4AEE-942B-D0DD426DB34E}.Release|x64.ActiveCfg = Release|x64
		{E106ACD7-4E53-4AEE-942B-D0DD426DB34E}.Release|x64.Build.0 = Release|x64
		{1EBE48C9-5D37-41F5-BACA-30240557D625}.Debug|Win32.ActiveCfg = Debug|Win32
		{1EBE48C9-5D37-41F5-BACA-30240557D625}.Debug|Win32.Build.0 = Debug|Win32
		{1EBE48C9-5D37-41F5-BACA-30240557D625}.Debug|x64.ActiveCfg = Debug|Win32
		{1EBE48C9-5D37-41F5-BACA-30240557D625}.Release|Win32.ActiveCfg = Release|Win32
		{1EBE48C9-5D37-41F5-BACA-30240557D625}.Release|Win32.Build.0 = Release|Win32
		{1EBE48C9-5D37-41F5-BACA-30240557D625}.Release|x64.ActiveCfg = Release|Win32
		{E21BD22B-9BBE-439E-B352-36D6AFD2EC88}.Debug|Win32.ActiveCfg = Debug|Win32
		{E21BD22B-9BBE-439E-B352-36D6AFD2EC88}.Debug|Win32.Build.0 = Debug|Win32
		{E21BD22B-9BBE-439E-B352-36D6AFD2EC88}.Debug|x64.ActiveCfg = Debug|Win32
		{E21BD22B-9BBE-439E-B352-36D6AFD2EC88}.Release|Win32.ActiveCfg = Release|Win32
		{E21BD22B-9BBE-439E-B352-36D6AFD2EC88}.Release|Win32.Build.0 = Release|Win32
		{E21BD22B-9BBE-439E-B352-36D6AFD2EC88}.Release|x64.ActiveCfg = Release|Win32
	EndGlobalSection
	GlobalSection(SolutionProperties) = preSolution
		HideSolutionNode = FALSE
	EndGlobalSection
	GlobalSection(NestedProjects) = preSolution
		{9611B8A9-BA17-4ACC-AB20-BE62627E158B} = {81E531C0-2074-4F7E-A3C0-BCA206F42DFD}
		{E9CAB433-A70F-472B-9662-32E85B84DBEA} = {81E531C0-2074-4F7E-A3C0-BCA206F42DFD}
		{8627A1FD-CE37-4A7B-BD3F-230E33D10730} = {81E531C0-2074-4F7E-A3C0-BCA206F42DFD}
		{3F93D9EC-D522-45F2-BD1F-D524C1FCD444} = {81E531C0-2074-4F7E-A3C0-BCA206F42DFD}
		{D2E9BC40-E6D0-4C1E-93B9-AF81759352C2} = {81E531C0-2074-4F7E-A3C0-BCA206F42DFD}
		{E106ACD7-4E53-4AEE-942B-D0DD426DB34E} = {81E531C0-2074-4F7E-A3C0-BCA206F42DFD}
		{1EBE48C9-5D37-41F5-BACA-30240557D625} = {33C56111-321D-4AD2-A79F-C9B677D4647C}
		{E21BD22B-9BBE-439E-B352-36D6AFD2EC88} = {BA30FAB9-44DD-4939-AB34-F8BBC6E6169A}
	EndGlobalSection
EndGlobal
